
Microsoft Visual Studio Solution File, Format Version 12.00
# Visual Studio 2013
VisualStudioVersion = 12.0.30723.0
MinimumVisualStudioVersion = 10.0.40219.1
Project("{FAE04EC0-301F-11D3-BF4B-00C04F79EFBC}") = "Programinator", "Programinator\Programinator.csproj", "{B8AE7462-85D3-4350-B718-C879F87B9CDA}"
EndProject
Project("{2150E333-8FDC-42A3-9474-1A3956D46DE8}") = "Solution Items", "Solution Items", "{E960CE84-AF59-4F9F-8A6D-489B80DA1CDB}"
EndProject
Global
	GlobalSection(SolutionConfigurationPlatforms) = preSolution
		Debug|x86 = Debug|x86
		Release|x86 = Release|x86
	EndGlobalSection
	GlobalSection(ProjectConfigurationPlatforms) = postSolution
		{B8AE7462-85D3-4350-B718-C879F87B9CDA}.Debug|x86.ActiveCfg = Debug|x86
		{B8AE7462-85D3-4350-B718-C879F87B9CDA}.Debug|x86.Build.0 = Debug|x86
		{B8AE7462-85D3-4350-B718-C879F87B9CDA}.Release|x86.ActiveCfg = Release|x86
		{B8AE7462-85D3-4350-B718-C879F87B9CDA}.Release|x86.Build.0 = Release|x86
	EndGlobalSection
	GlobalSection(SolutionProperties) = preSolution
		HideSolutionNode = FALSE
	EndGlobalSection
EndGlobal
